
Microsoft Visual Studio Solution File, Format Version 12.00
# Visual Studio Version 16
VisualStudioVersion = 25.0.1700.0
MinimumVisualStudioVersion = 10.0.40219.1
Project("{FAE04EC0-301F-11D3-BF4B-00C04F79EFBC}") = "BundlePatch", "BundlePatch\BundlePatch.csproj", "{A3B987B0-2467-40C6-BC99-043BBBDCFAFE}"
EndProject
Global
	GlobalSection(SolutionConfigurationPlatforms) = preSolution
		Debug|Any CPU = Debug|Any CPU
		Release|Any CPU = Release|Any CPU
	EndGlobalSection
	GlobalSection(ProjectConfigurationPlatforms) = postSolution
		{A3B987B0-2467-40C6-BC99-043BBBDCFAFE}.Debug|Any CPU.ActiveCfg = Debug|Any CPU
		{A3B987B0-2467-40C6-BC99-043BBBDCFAFE}.Debug|Any CPU.Build.0 = Debug|Any CPU
		{A3B987B0-2467-40C6-BC99-043BBBDCFAFE}.Release|Any CPU.ActiveCfg = Release|Any CPU
		{A3B987B0-2467-40C6-BC99-043BBBDCFAFE}.Release|Any CPU.Build.0 = Release|Any CPU
	EndGlobalSection
	GlobalSection(SolutionProperties) = preSolution
		HideSolutionNode = FALSE
	EndGlobalSection
	GlobalSection(ExtensibilityGlobals) = postSolution
		SolutionGuid = {235C99E9-13A5-4AED-B716-1731CA8CD6FC}
	EndGlobalSection
EndGlobal
